
Microsoft Visual Studio Solution File, Format Version 12.00
# Visual Studio Version 17
VisualStudioVersion = 17.0.31808.319
MinimumVisualStudioVersion = 10.0.40219.1
Project("{FAE04EC0-301F-11D3-BF4B-00C04F79EFBC}") = "YouTooAPI_V2", "YouTooAPI_V2\YouTooAPI_V2.csproj", "{F9A9719E-A535-4BE8-A025-48ED105D4D4D}"
EndProject
Global
	GlobalSection(SolutionConfigurationPlatforms) = preSolution
		Debug|Any CPU = Debug|Any CPU
		Release|Any CPU = Release|Any CPU
	EndGlobalSection
	GlobalSection(ProjectConfigurationPlatforms) = postSolution
		{F9A9719E-A535-4BE8-A025-48ED105D4D4D}.Debug|Any CPU.ActiveCfg = Debug|Any CPU
		{F9A9719E-A535-4BE8-A025-48ED105D4D4D}.Debug|Any CPU.Build.0 = Debug|Any CPU
		{F9A9719E-A535-4BE8-A025-48ED105D4D4D}.Release|Any CPU.ActiveCfg = Release|Any CPU
		{F9A9719E-A535-4BE8-A025-48ED105D4D4D}.Release|Any CPU.Build.0 = Release|Any CPU
	EndGlobalSection
	GlobalSection(SolutionProperties) = preSolution
		HideSolutionNode = FALSE
	EndGlobalSection
	GlobalSection(ExtensibilityGlobals) = postSolution
		SolutionGuid = {18827D72-ECF4-4AEF-8522-ADEB14471F58}
	EndGlobalSection
EndGlobal
